
Microsoft Visual Studio Solution File, Format Version 12.00
# Visual Studio Version 17
VisualStudioVersion = 17.8.34330.188
MinimumVisualStudioVersion = 10.0.40219.1
Project("{9A19103F-16F7-4668-BE54-9A1E7A4F7556}") = "SeleniumNew", "SeleniumNew.csproj", "{6D610FDB-16C2-4408-B8B7-18783A387F69}"
EndProject
Global
	GlobalSection(SolutionConfigurationPlatforms) = preSolution
		Debug|Any CPU = Debug|Any CPU
		Release|Any CPU = Release|Any CPU
	EndGlobalSection
	GlobalSection(ProjectConfigurationPlatforms) = postSolution
		{6D610FDB-16C2-4408-B8B7-18783A387F69}.Debug|Any CPU.ActiveCfg = Debug|Any CPU
		{6D610FDB-16C2-4408-B8B7-18783A387F69}.Debug|Any CPU.Build.0 = Debug|Any CPU
		{6D610FDB-16C2-4408-B8B7-18783A387F69}.Release|Any CPU.ActiveCfg = Release|Any CPU
		{6D610FDB-16C2-4408-B8B7-18783A387F69}.Release|Any CPU.Build.0 = Release|Any CPU
	EndGlobalSection
	GlobalSection(SolutionProperties) = preSolution
		HideSolutionNode = FALSE
	EndGlobalSection
	GlobalSection(ExtensibilityGlobals) = postSolution
		SolutionGuid = {298B7C4B-80FD-4AB3-961D-6CDF0E761D0F}
	EndGlobalSection
EndGlobal
